// !$*UTF8*$!
{
	archiveVersion = 1;
	classes = {
	};
	objectVersion = 51;
	objects = {

/* Begin PBXBuildFile section */
		523722CB24F96E0E00E23243 /* LeagueRequest.swift in Sources */ = {isa = PBXBuildFile; fileRef = 523722C924F96E0E00E23243 /* LeagueRequest.swift */; };
		523722CC24F96E0E00E23243 /* LeagueRouter.swift in Sources */ = {isa = PBXBuildFile; fileRef = 523722CA24F96E0E00E23243 /* LeagueRouter.swift */; };
		523722D024F96E3500E23243 /* League.swift in Sources */ = {isa = PBXBuildFile; fileRef = 523722CE24F96E3500E23243 /* League.swift */; };
		523722D124F96E3500E23243 /* LeagueDetails.swift in Sources */ = {isa = PBXBuildFile; fileRef = 523722CF24F96E3500E23243 /* LeagueDetails.swift */; };
		523722D824F96F1600E23243 /* ListViewModel.swift in Sources */ = {isa = PBXBuildFile; fileRef = 523722D724F96F1600E23243 /* ListViewModel.swift */; };
		523722DA24F96F2A00E23243 /* DetailsViewModel.swift in Sources */ = {isa = PBXBuildFile; fileRef = 523722D924F96F2A00E23243 /* DetailsViewModel.swift */; };
		524D8E3824F989D100DEA9E7 /* LeaugeView.swift in Sources */ = {isa = PBXBuildFile; fileRef = 524D8E3724F989D100DEA9E7 /* LeaugeView.swift */; };
		524D8E3A24F98C0300DEA9E7 /* CellView.swift in Sources */ = {isa = PBXBuildFile; fileRef = 524D8E3924F98C0300DEA9E7 /* CellView.swift */; };
		526A504524F91BC70039908C /* AppDelegate.swift in Sources */ = {isa = PBXBuildFile; fileRef = 526A504424F91BC70039908C /* AppDelegate.swift */; };
		526A504724F91BC70039908C /* SceneDelegate.swift in Sources */ = {isa = PBXBuildFile; fileRef = 526A504624F91BC70039908C /* SceneDelegate.swift */; };
		526A504924F91BC70039908C /* ContentView.swift in Sources */ = {isa = PBXBuildFile; fileRef = 526A504824F91BC70039908C /* ContentView.swift */; };
		526A504B24F91BC90039908C /* Assets.xcassets in Resources */ = {isa = PBXBuildFile; fileRef = 526A504A24F91BC90039908C /* Assets.xcassets */; };
		526A504E24F91BC90039908C /* Preview Assets.xcassets in Resources */ = {isa = PBXBuildFile; fileRef = 526A504D24F91BC90039908C /* Preview Assets.xcassets */; };
		526A505124F91BC90039908C /* LaunchScreen.storyboard in Resources */ = {isa = PBXBuildFile; fileRef = 526A504F24F91BC90039908C /* LaunchScreen.storyboard */; };
		72CFF93BAD2ED6CBE6EA4B67 /* Pods_GoalLeaugeSwiftUI.framework in Frameworks */ = {isa = PBXBuildFile; fileRef = 21E6E6B4A585F27E765BD27E /* Pods_GoalLeaugeSwiftUI.framework */; };
/* End PBXBuildFile section */

/* Begin PBXFileReference section */
		21E6E6B4A585F27E765BD27E /* Pods_GoalLeaugeSwiftUI.framework */ = {isa = PBXFileReference; explicitFileType = wrapper.framework; includeInIndex = 0; path = Pods_GoalLeaugeSwiftUI.framework; sourceTree = BUILT_PRODUCTS_DIR; };
		3D9DA370FDDA2E33FFF2729F /* Pods-GoalLeaugeSwiftUI.debug.xcconfig */ = {isa = PBXFileReference; includeInIndex = 1; lastKnownFileType = text.xcconfig; name = "Pods-GoalLeaugeSwiftUI.debug.xcconfig"; path = "Target Support Files/Pods-GoalLeaugeSwiftUI/Pods-GoalLeaugeSwiftUI.debug.xcconfig"; sourceTree = "<group>"; };
		523722C924F96E0E00E23243 /* LeagueRequest.swift */ = {isa = PBXFileReference; fileEncoding = 4; lastKnownFileType = sourcecode.swift; path = LeagueRequest.swift; sourceTree = "<group>"; };
		523722CA24F96E0E00E23243 /* LeagueRouter.swift */ = {isa = PBXFileReference; fileEncoding = 4; lastKnownFileType = sourcecode.swift; path = LeagueRouter.swift; sourceTree = "<group>"; };
		523722CE24F96E3500E23243 /* League.swift */ = {isa = PBXFileReference; fileEncoding = 4; lastKnownFileType = sourcecode.swift; path = League.swift; sourceTree = "<group>"; };
		523722CF24F96E3500E23243 /* LeagueDetails.swift */ = {isa = PBXFileReference; fileEncoding = 4; lastKnownFileType = sourcecode.swift; path = LeagueDetails.swift; sourceTree = "<group>"; };
		523722D724F96F1600E23243 /* ListViewModel.swift */ = {isa = PBXFileReference; lastKnownFileType = sourcecode.swift; path = ListViewModel.swift; sourceTree = "<group>"; };
		523722D924F96F2A00E23243 /* DetailsViewModel.swift */ = {isa = PBXFileReference; lastKnownFileType = sourcecode.swift; path = DetailsViewModel.swift; sourceTree = "<group>"; };
		524D8E3724F989D100DEA9E7 /* LeaugeView.swift */ = {isa = PBXFileReference; lastKnownFileType = sourcecode.swift; path = LeaugeView.swift; sourceTree = "<group>"; };
		524D8E3924F98C0300DEA9E7 /* CellView.swift */ = {isa = PBXFileReference; lastKnownFileType = sourcecode.swift; path = CellView.swift; sourceTree = "<group>"; };
		526A504124F91BC70039908C /* GoalLeaugeSwiftUI.app */ = {isa = PBXFileReference; explicitFileType = wrapper.application; includeInIndex = 0; path = GoalLeaugeSwiftUI.app; sourceTree = BUILT_PRODUCTS_DIR; };
		526A504424F91BC70039908C /* AppDelegate.swift */ = {isa = PBXFileReference; lastKnownFileType = sourcecode.swift; path = AppDelegate.swift; sourceTree = "<group>"; };
		526A504624F91BC70039908C /* SceneDelegate.swift */ = {isa = PBXFileReference; lastKnownFileType = sourcecode.swift; path = SceneDelegate.swift; sourceTree = "<group>"; };
		526A504824F91BC70039908C /* ContentView.swift */ = {isa = PBXFileReference; lastKnownFileType = sourcecode.swift; path = ContentView.swift; sourceTree = "<group>"; };
		526A504A24F91BC90039908C /* Assets.xcassets */ = {isa = PBXFileReference; lastKnownFileType = folder.assetcatalog; path = Assets.xcassets; sourceTree = "<group>"; };
		526A504D24F91BC90039908C /* Preview Assets.xcassets */ = {isa = PBXFileReference; lastKnownFileType = folder.assetcatalog; path = "Preview Assets.xcassets"; sourceTree = "<group>"; };
		526A505024F91BC90039908C /* Base */ = {isa = PBXFileReference; lastKnownFileType = file.storyboard; name = Base; path = Base.lproj/LaunchScreen.storyboard; sourceTree = "<group>"; };
		526A505224F91BC90039908C /* Info.plist */ = {isa = PBXFileReference; lastKnownFileType = text.plist.xml; path = Info.plist; sourceTree = "<group>"; };
		6C7141467CD027484E8BAC7B /* Pods-GoalLeaugeSwiftUI.release.xcconfig */ = {isa = PBXFileReference; includeInIndex = 1; lastKnownFileType = text.xcconfig; name = "Pods-GoalLeaugeSwiftUI.release.xcconfig"; path = "Target Support Files/Pods-GoalLeaugeSwiftUI/Pods-GoalLeaugeSwiftUI.release.xcconfig"; sourceTree = "<group>"; };
/* End PBXFileReference section */

/* Begin PBXFrameworksBuildPhase section */
		526A503E24F91BC70039908C /* Frameworks */ = {
			isa = PBXFrameworksBuildPhase;
			buildActionMask = 2147483647;
			files = (
				72CFF93BAD2ED6CBE6EA4B67 /* Pods_GoalLeaugeSwiftUI.framework in Frameworks */,
			);
			runOnlyForDeploymentPostprocessing = 0;
		};
/* End PBXFrameworksBuildPhase section */

/* Begin PBXGroup section */
		523722C824F96DF300E23243 /* Network */ = {
			isa = PBXGroup;
			children = (
				523722C924F96E0E00E23243 /* LeagueRequest.swift */,
				523722CA24F96E0E00E23243 /* LeagueRouter.swift */,
			);
			path = Network;
			sourceTree = "<group>";
		};
		523722CD24F96E2800E23243 /* Model */ = {
			isa = PBXGroup;
			children = (
				523722CE24F96E3500E23243 /* League.swift */,
				523722CF24F96E3500E23243 /* LeagueDetails.swift */,
			);
			path = Model;
			sourceTree = "<group>";
		};
		523722D624F96E8F00E23243 /* ViewModel */ = {
			isa = PBXGroup;
			children = (
				523722D724F96F1600E23243 /* ListViewModel.swift */,
				523722D924F96F2A00E23243 /* DetailsViewModel.swift */,
			);
			path = ViewModel;
			sourceTree = "<group>";
		};
		523722DB24F96FC200E23243 /* View */ = {
			isa = PBXGroup;
			children = (
				526A504824F91BC70039908C /* ContentView.swift */,
				524D8E3724F989D100DEA9E7 /* LeaugeView.swift */,
				524D8E3924F98C0300DEA9E7 /* CellView.swift */,
			);
			path = View;
			sourceTree = "<group>";
		};
		526A503824F91BC70039908C = {
			isa = PBXGroup;
			children = (
				526A504324F91BC70039908C /* GoalLeaugeSwiftUI */,
				526A504224F91BC70039908C /* Products */,
				9DB6D0E26D8DDCF1ECA35453 /* Pods */,
				D70D5B8A9417BF59C14E18D9 /* Frameworks */,
			);
			sourceTree = "<group>";
		};
		526A504224F91BC70039908C /* Products */ = {
			isa = PBXGroup;
			children = (
				526A504124F91BC70039908C /* GoalLeaugeSwiftUI.app */,
			);
			name = Products;
			sourceTree = "<group>";
		};
		526A504324F91BC70039908C /* GoalLeaugeSwiftUI */ = {
			isa = PBXGroup;
			children = (
				523722DB24F96FC200E23243 /* View */,
				523722D624F96E8F00E23243 /* ViewModel */,
				523722CD24F96E2800E23243 /* Model */,
				523722C824F96DF300E23243 /* Network */,
				526A504424F91BC70039908C /* AppDelegate.swift */,
				526A504624F91BC70039908C /* SceneDelegate.swift */,
				526A504A24F91BC90039908C /* Assets.xcassets */,
				526A504F24F91BC90039908C /* LaunchScreen.storyboard */,
				526A505224F91BC90039908C /* Info.plist */,
				526A504C24F91BC90039908C /* Preview Content */,
			);
			path = GoalLeaugeSwiftUI;
			sourceTree = "<group>";
		};
		526A504C24F91BC90039908C /* Preview Content */ = {
			isa = PBXGroup;
			children = (
				526A504D24F91BC90039908C /* Preview Assets.xcassets */,
			);
			path = "Preview Content";
			sourceTree = "<group>";
		};
		9DB6D0E26D8DDCF1ECA35453 /* Pods */ = {
			isa = PBXGroup;
			children = (
				3D9DA370FDDA2E33FFF2729F /* Pods-GoalLeaugeSwiftUI.debug.xcconfig */,
				6C7141467CD027484E8BAC7B /* Pods-GoalLeaugeSwiftUI.release.xcconfig */,
			);
			path = Pods;
			sourceTree = "<group>";
		};
		D70D5B8A9417BF59C14E18D9 /* Frameworks */ = {
			isa = PBXGroup;
			children = (
				21E6E6B4A585F27E765BD27E /* Pods_GoalLeaugeSwiftUI.framework */,
			);
			name = Frameworks;
			sourceTree = "<group>";
		};
/* End PBXGroup section */

/* Begin PBXNativeTarget section */
		526A504024F91BC70039908C /* GoalLeaugeSwiftUI */ = {
			isa = PBXNativeTarget;
			buildConfigurationList = 526A505524F91BC90039908C /* Build configuration list for PBXNativeTarget "GoalLeaugeSwiftUI" */;
			buildPhases = (
				7F442A79FCFD426EC9D033CD /* [CP] Check Pods Manifest.lock */,
				526A503D24F91BC70039908C /* Sources */,
				526A503E24F91BC70039908C /* Frameworks */,
				526A503F24F91BC70039908C /* Resources */,
				E28847B3A5EC375482E0B9FF /* [CP] Embed Pods Frameworks */,
			);
			buildRules = (
			);
			dependencies = (
			);
			name = GoalLeaugeSwiftUI;
			productName = GoalLeaugeSwiftUI;
			productReference = 526A504124F91BC70039908C /* GoalLeaugeSwiftUI.app */;
			productType = "com.apple.product-type.application";
		};
/* End PBXNativeTarget section */

/* Begin PBXProject section */
		526A503924F91BC70039908C /* Project object */ = {
			isa = PBXProject;
			attributes = {
				LastSwiftUpdateCheck = 1160;
				LastUpgradeCheck = 1160;
				ORGANIZATIONNAME = "Macbook pro";
				TargetAttributes = {
					526A504024F91BC70039908C = {
						CreatedOnToolsVersion = 11.6;
					};
				};
			};
			buildConfigurationList = 526A503C24F91BC70039908C /* Build configuration list for PBXProject "GoalLeaugeSwiftUI" */;
			compatibilityVersion = "Xcode 9.3";
			developmentRegion = en;
			hasScannedForEncodings = 0;
			knownRegions = (
				en,
				Base,
			);
			mainGroup = 526A503824F91BC70039908C;
			productRefGroup = 526A504224F91BC70039908C /* Products */;
			projectDirPath = "";
			projectRoot = "";
			targets = (
				526A504024F91BC70039908C /* GoalLeaugeSwiftUI */,
			);
		};
/* End PBXProject section */

/* Begin PBXResourcesBuildPhase section */
		526A503F24F91BC70039908C /* Resources */ = {
			isa = PBXResourcesBuildPhase;
			buildActionMask = 2147483647;
			files = (
				526A505124F91BC90039908C /* LaunchScreen.storyboard in Resources */,
				526A504E24F91BC90039908C /* Preview Assets.xcassets in Resources */,
				526A504B24F91BC90039908C /* Assets.xcassets in Resources */,
			);
			runOnlyForDeploymentPostprocessing = 0;
		};
/* End PBXResourcesBuildPhase section */

/* Begin PBXShellScriptBuildPhase section */
		7F442A79FCFD426EC9D033CD /* [CP] Check Pods Manifest.lock */ = {
			isa = PBXShellScriptBuildPhase;
			buildActionMask = 2147483647;
			files = (
			);
			inputFileListPaths = (
			);
			inputPaths = (
				"${PODS_PODFILE_DIR_PATH}/Podfile.lock",
				"${PODS_ROOT}/Manifest.lock",
			);
			name = "[CP] Check Pods Manifest.lock";
			outputFileListPaths = (
			);
			outputPaths = (
				"$(DERIVED_FILE_DIR)/Pods-GoalLeaugeSwiftUI-checkManifestLockResult.txt",
			);
			runOnlyForDeploymentPostprocessing = 0;
			shellPath = /bin/sh;
			shellScript = "diff \"${PODS_PODFILE_DIR_PATH}/Podfile.lock\" \"${PODS_ROOT}/Manifest.lock\" > /dev/null\nif [ $? != 0 ] ; then\n    # print error to STDERR\n    echo \"error: The sandbox is not in sync with the Podfile.lock. Run 'pod install' or update your CocoaPods installation.\" >&2\n    exit 1\nfi\n# This output is used by Xcode 'outputs' to avoid re-running this script phase.\necho \"SUCCESS\" > \"${SCRIPT_OUTPUT_FILE_0}\"\n";
			showEnvVarsInLog = 0;
		};
		E28847B3A5EC375482E0B9FF /* [CP] Embed Pods Frameworks */ = {
			isa = PBXShellScriptBuildPhase;
			buildActionMask = 2147483647;
			files = (
			);
			inputFileListPaths = (
				"${PODS_ROOT}/Target Support Files/Pods-GoalLeaugeSwiftUI/Pods-GoalLeaugeSwiftUI-frameworks-${CONFIGURATION}-input-files.xcfilelist",
			);
			name = "[CP] Embed Pods Frameworks";
			outputFileListPaths = (
				"${PODS_ROOT}/Target Support Files/Pods-GoalLeaugeSwiftUI/Pods-GoalLeaugeSwiftUI-frameworks-${CONFIGURATION}-output-files.xcfilelist",
			);
			runOnlyForDeploymentPostprocessing = 0;
			shellPath = /bin/sh;
			shellScript = "\"${PODS_ROOT}/Target Support Files/Pods-GoalLeaugeSwiftUI/Pods-GoalLeaugeSwiftUI-frameworks.sh\"\n";
			showEnvVarsInLog = 0;
		};
/* End PBXShellScriptBuildPhase section */

/* Begin PBXSourcesBuildPhase section */
		526A503D24F91BC70039908C /* Sources */ = {
			isa = PBXSourcesBuildPhase;
			buildActionMask = 2147483647;
			files = (
				524D8E3A24F98C0300DEA9E7 /* CellView.swift in Sources */,
				523722D124F96E3500E23243 /* LeagueDetails.swift in Sources */,
				526A504524F91BC70039908C /* AppDelegate.swift in Sources */,
				526A504724F91BC70039908C /* SceneDelegate.swift in Sources */,
				523722CC24F96E0E00E23243 /* LeagueRouter.swift in Sources */,
				523722CB24F96E0E00E23243 /* LeagueRequest.swift in Sources */,
				523722D024F96E3500E23243 /* League.swift in Sources */,
				523722D824F96F1600E23243 /* ListViewModel.swift in Sources */,
				526A504924F91BC70039908C /* ContentView.swift in Sources */,
				523722DA24F96F2A00E23243 /* DetailsViewModel.swift in Sources */,
				524D8E3824F989D100DEA9E7 /* LeaugeView.swift in Sources */,
			);
			runOnlyForDeploymentPostprocessing = 0;
		};
/* End PBXSourcesBuildPhase section */

/* Begin PBXVariantGroup section */
		526A504F24F91BC90039908C /* LaunchScreen.storyboard */ = {
			isa = PBXVariantGroup;
			children = (
				526A505024F91BC90039908C /* Base */,
			);
			name = LaunchScreen.storyboard;
			sourceTree = "<group>";
		};
/* End PBXVariantGroup section */

/* Begin XCBuildConfiguration section */
		526A505324F91BC90039908C /* Debug */ = {
			isa = XCBuildConfiguration;
			buildSettings = {
				ALWAYS_SEARCH_USER_PATHS = NO;
				CLANG_ANALYZER_NONNULL = YES;
				CLANG_ANALYZER_NUMBER_OBJECT_CONVERSION = YES_AGGRESSIVE;
				CLANG_CXX_LANGUAGE_STANDARD = "gnu++14";
				CLANG_CXX_LIBRARY = "libc++";
				CLANG_ENABLE_MODULES = YES;
				CLANG_ENABLE_OBJC_ARC = YES;
				CLANG_ENABLE_OBJC_WEAK = YES;
				CLANG_WARN_BLOCK_CAPTURE_AUTORELEASING = YES;
				CLANG_WARN_BOOL_CONVERSION = YES;
				CLANG_WARN_COMMA = YES;
				CLANG_WARN_CONSTANT_CONVERSION = YES;
				CLANG_WARN_DEPRECATED_OBJC_IMPLEMENTATIONS = YES;
				CLANG_WARN_DIRECT_OBJC_ISA_USAGE = YES_ERROR;
				CLANG_WARN_DOCUMENTATION_COMMENTS = YES;
				CLANG_WARN_EMPTY_BODY = YES;
				CLANG_WARN_ENUM_CONVERSION = YES;
				CLANG_WARN_INFINITE_RECURSION = YES;
				CLANG_WARN_INT_CONVERSION = YES;
				CLANG_WARN_NON_LITERAL_NULL_CONVERSION = YES;
				CLANG_WARN_OBJC_IMPLICIT_RETAIN_SELF = YES;
				CLANG_WARN_OBJC_LITERAL_CONVERSION = YES;
				CLANG_WARN_OBJC_ROOT_CLASS = YES_ERROR;
				CLANG_WARN_RANGE_LOOP_ANALYSIS = YES;
				CLANG_WARN_STRICT_PROTOTYPES = YES;
				CLANG_WARN_SUSPICIOUS_MOVE = YES;
				CLANG_WARN_UNGUARDED_AVAILABILITY = YES_AGGRESSIVE;
				CLANG_WARN_UNREACHABLE_CODE = YES;
				CLANG_WARN__DUPLICATE_METHOD_MATCH = YES;
				COPY_PHASE_STRIP = NO;
				DEBUG_INFORMATION_FORMAT = dwarf;
				ENABLE_STRICT_OBJC_MSGSEND = YES;
				ENABLE_TESTABILITY = YES;
				GCC_C_LANGUAGE_STANDARD = gnu11;
				GCC_DYNAMIC_NO_PIC = NO;
				GCC_NO_COMMON_BLOCKS = YES;
				GCC_OPTIMIZATION_LEVEL = 0;
				GCC_PREPROCESSOR_DEFINITIONS = (
					"DEBUG=1",
					"$(inherited)",
				);
				GCC_WARN_64_TO_32_BIT_CONVERSION = YES;
				GCC_WARN_ABOUT_RETURN_TYPE = YES_ERROR;
				GCC_WARN_UNDECLARED_SELECTOR = YES;
				GCC_WARN_UNINITIALIZED_AUTOS = YES_AGGRESSIVE;
				GCC_WARN_UNUSED_FUNCTION = YES;
				GCC_WARN_UNUSED_VARIABLE = YES;
				IPHONEOS_DEPLOYMENT_TARGET = 13.6;
				MTL_ENABLE_DEBUG_INFO = INCLUDE_SOURCE;
				MTL_FAST_MATH = YES;
				ONLY_ACTIVE_ARCH = YES;
				SDKROOT = iphoneos;
				SWIFT_ACTIVE_COMPILATION_CONDITIONS = DEBUG;
				SWIFT_OPTIMIZATION_LEVEL = "-Onone";
			};
			name = Debug;
		};
		526A505424F91BC90039908C /* Release */ = {
			isa = XCBuildConfiguration;
			buildSettings = {
				ALWAYS_SEARCH_USER_PATHS = NO;
				CLANG_ANALYZER_NONNULL = YES;
				CLANG_ANALYZER_NUMBER_OBJECT_CONVERSION = YES_AGGRESSIVE;
				CLANG_CXX_LANGUAGE_STANDARD = "gnu++14";
				CLANG_CXX_LIBRARY = "libc++";
				CLANG_ENABLE_MODULES = YES;
				CLANG_ENABLE_OBJC_ARC = YES;
				CLANG_ENABLE_OBJC_WEAK = YES;
				CLANG_WARN_BLOCK_CAPTURE_AUTORELEASING = YES;
				CLANG_WARN_BOOL_CONVERSION = YES;
				CLANG_WARN_COMMA = YES;
				CLANG_WARN_CONSTANT_CONVERSION = YES;
				CLANG_WARN_DEPRECATED_OBJC_IMPLEMENTATIONS = YES;
				CLANG_WARN_DIRECT_OBJC_ISA_USAGE = YES_ERROR;
				CLANG_WARN_DOCUMENTATION_COMMENTS = YES;
				CLANG_WARN_EMPTY_BODY = YES;
				CLANG_WARN_ENUM_CONVERSION = YES;
				CLANG_WARN_INFINITE_RECURSION = YES;
				CLANG_WARN_INT_CONVERSION = YES;
				CLANG_WARN_NON_LITERAL_NULL_CONVERSION = YES;
				CLANG_WARN_OBJC_IMPLICIT_RETAIN_SELF = YES;
				CLANG_WARN_OBJC_LITERAL_CONVERSION = YES;
				CLANG_WARN_OBJC_ROOT_CLASS = YES_ERROR;
				CLANG_WARN_RANGE_LOOP_ANALYSIS = YES;
				CLANG_WARN_STRICT_PROTOTYPES = YES;
				CLANG_WARN_SUSPICIOUS_MOVE = YES;
				CLANG_WARN_UNGUARDED_AVAILABILITY = YES_AGGRESSIVE;
				CLANG_WARN_UNREACHABLE_CODE = YES;
				CLANG_WARN__DUPLICATE_METHOD_MATCH = YES;
				COPY_PHASE_STRIP = NO;
				DEBUG_INFORMATION_FORMAT = "dwarf-with-dsym";
				ENABLE_NS_ASSERTIONS = NO;
				ENABLE_STRICT_OBJC_MSGSEND = YES;
				GCC_C_LANGUAGE_STANDARD = gnu11;
				GCC_NO_COMMON_BLOCKS = YES;
				GCC_WARN_64_TO_32_BIT_CONVERSION = YES;
				GCC_WARN_ABOUT_RETURN_TYPE = YES_ERROR;
				GCC_WARN_UNDECLARED_SELECTOR = YES;
				GCC_WARN_UNINITIALIZED_AUTOS = YES_AGGRESSIVE;
				GCC_WARN_UNUSED_FUNCTION = YES;
				GCC_WARN_UNUSED_VARIABLE = YES;
				IPHONEOS_DEPLOYMENT_TARGET = 13.6;
				MTL_ENABLE_DEBUG_INFO = NO;
				MTL_FAST_MATH = YES;
				SDKROOT = iphoneos;
				SWIFT_COMPILATION_MODE = wholemodule;
				SWIFT_OPTIMIZATION_LEVEL = "-O";
				VALIDATE_PRODUCT = YES;
			};
			name = Release;
		};
		526A505624F91BC90039908C /* Debug */ = {
			isa = XCBuildConfiguration;
			baseConfigurationReference = 3D9DA370FDDA2E33FFF2729F /* Pods-GoalLeaugeSwiftUI.debug.xcconfig */;
			buildSettings = {
				ASSETCATALOG_COMPILER_APPICON_NAME = AppIcon;
				CODE_SIGN_STYLE = Automatic;
				DEVELOPMENT_ASSET_PATHS = "\"GoalLeaugeSwiftUI/Preview Content\"";
				DEVELOPMENT_TEAM = 67S6R633P7;
				ENABLE_PREVIEWS = YES;
				INFOPLIST_FILE = GoalLeaugeSwiftUI/Info.plist;
				LD_RUNPATH_SEARCH_PATHS = (
					"$(inherited)",
					"@executable_path/Frameworks",
				);
				PRODUCT_BUNDLE_IDENTIFIER = project.GoalLeaugeSwiftUI;
				PRODUCT_NAME = "$(TARGET_NAME)";
				SWIFT_VERSION = 5.0;
				TARGETED_DEVICE_FAMILY = "1,2";
			};
			name = Debug;
		};
		526A505724F91BC90039908C /* Release */ = {
			isa = XCBuildConfiguration;
			baseConfigurationReference = 6C7141467CD027484E8BAC7B /* Pods-GoalLeaugeSwiftUI.release.xcconfig */;
			buildSettings = {
				ASSETCATALOG_COMPILER_APPICON_NAME = AppIcon;
				CODE_SIGN_STYLE = Automatic;
				DEVELOPMENT_ASSET_PATHS = "\"GoalLeaugeSwiftUI/Preview Content\"";
				DEVELOPMENT_TEAM = 67S6R633P7;
				ENABLE_PREVIEWS = YES;
				INFOPLIST_FILE = GoalLeaugeSwiftUI/Info.plist;
				LD_RUNPATH_SEARCH_PATHS = (
					"$(inherited)",
					"@executable_path/Frameworks",
				);
				PRODUCT_BUNDLE_IDENTIFIER = project.GoalLeaugeSwiftUI;
				PRODUCT_NAME = "$(TARGET_NAME)";
				SWIFT_VERSION = 5.0;
				TARGETED_DEVICE_FAMILY = "1,2";
			};
			name = Release;
		};
/* End XCBuildConfiguration section */

/* Begin XCConfigurationList section */
		526A503C24F91BC70039908C /* Build configuration list for PBXProject "GoalLeaugeSwiftUI" */ = {
			isa = XCConfigurationList;
			buildConfigurations = (
				526A505324F91BC90039908C /* Debug */,
				526A505424F91BC90039908C /* Release */,
			);
			defaultConfigurationIsVisible = 0;
			defaultConfigurationName = Release;
		};
		526A505524F91BC90039908C /* Build configuration list for PBXNativeTarget "GoalLeaugeSwiftUI" */ = {
			isa = XCConfigurationList;
			buildConfigurations = (
				526A505624F91BC90039908C /* Debug */,
				526A505724F91BC90039908C /* Release */,
			);
			defaultConfigurationIsVisible = 0;
			defaultConfigurationName = Release;
		};
/* End XCConfigurationList section */
	};
	rootObject = 526A503924F91BC70039908C /* Project object */;
}
